
Microsoft Visual Studio Solution File, Format Version 12.00
# Visual Studio Version 17
VisualStudioVersion = 17.13.35931.197 d17.13
MinimumVisualStudioVersion = 10.0.40219.1
Project("{FAE04EC0-301F-11D3-BF4B-00C04F79EFBC}") = "zd5_1_KonkovArseniy.Android", "zd5_1_KonkovArseniy.Android\zd5_1_KonkovArseniy.Android.csproj", "{B207D272-78E7-4241-A1A8-D2D4557E61CE}"
EndProject
Project("{FAE04EC0-301F-11D3-BF4B-00C04F79EFBC}") = "zd5_1_KonkovArseniy", "zd5_1_KonkovArseniy\zd5_1_KonkovArseniy.csproj", "{C1DBA44F-0685-4CEF-A9BD-C7ECF6396A21}"
EndProject
Global
	GlobalSection(SolutionConfigurationPlatforms) = preSolution
		Debug|Any CPU = Debug|Any CPU
		Release|Any CPU = Release|Any CPU
	EndGlobalSection
	GlobalSection(ProjectConfigurationPlatforms) = postSolution
		{B207D272-78E7-4241-A1A8-D2D4557E61CE}.Debug|Any CPU.ActiveCfg = Debug|Any CPU
		{B207D272-78E7-4241-A1A8-D2D4557E61CE}.Debug|Any CPU.Build.0 = Debug|Any CPU
		{B207D272-78E7-4241-A1A8-D2D4557E61CE}.Debug|Any CPU.Deploy.0 = Debug|Any CPU
		{B207D272-78E7-4241-A1A8-D2D4557E61CE}.Release|Any CPU.ActiveCfg = Release|Any CPU
		{B207D272-78E7-4241-A1A8-D2D4557E61CE}.Release|Any CPU.Build.0 = Release|Any CPU
		{B207D272-78E7-4241-A1A8-D2D4557E61CE}.Release|Any CPU.Deploy.0 = Release|Any CPU
		{C1DBA44F-0685-4CEF-A9BD-C7ECF6396A21}.Debug|Any CPU.ActiveCfg = Debug|Any CPU
		{C1DBA44F-0685-4CEF-A9BD-C7ECF6396A21}.Debug|Any CPU.Build.0 = Debug|Any CPU
		{C1DBA44F-0685-4CEF-A9BD-C7ECF6396A21}.Debug|Any CPU.Deploy.0 = Debug|Any CPU
		{C1DBA44F-0685-4CEF-A9BD-C7ECF6396A21}.Release|Any CPU.ActiveCfg = Release|Any CPU
		{C1DBA44F-0685-4CEF-A9BD-C7ECF6396A21}.Release|Any CPU.Build.0 = Release|Any CPU
		{C1DBA44F-0685-4CEF-A9BD-C7ECF6396A21}.Release|Any CPU.Deploy.0 = Release|Any CPU
	EndGlobalSection
	GlobalSection(SolutionProperties) = preSolution
		HideSolutionNode = FALSE
	EndGlobalSection
	GlobalSection(ExtensibilityGlobals) = postSolution
		SolutionGuid = {04B52443-7A78-47A3-A986-F764ECF5BFC2}
	EndGlobalSection
EndGlobal
